
Microsoft Visual Studio Solution File, Format Version 12.00
# Visual Studio 15
VisualStudioVersion = 15.0.28010.2046
MinimumVisualStudioVersion = 10.0.40219.1
Project("{FAE04EC0-301F-11D3-BF4B-00C04F79EFBC}") = "TravelExpertsFront", "TravelExpertsFront\TravelExpertsFront.csproj", "{F235E02F-4714-4003-B5E6-8FD680B0791A}"
EndProject
Global
	GlobalSection(SolutionConfigurationPlatforms) = preSolution
		Debug|Any CPU = Debug|Any CPU
		Release|Any CPU = Release|Any CPU
	EndGlobalSection
	GlobalSection(ProjectConfigurationPlatforms) = postSolution
		{F235E02F-4714-4003-B5E6-8FD680B0791A}.Debug|Any CPU.ActiveCfg = Debug|Any CPU
		{F235E02F-4714-4003-B5E6-8FD680B0791A}.Debug|Any CPU.Build.0 = Debug|Any CPU
		{F235E02F-4714-4003-B5E6-8FD680B0791A}.Release|Any CPU.ActiveCfg = Release|Any CPU
		{F235E02F-4714-4003-B5E6-8FD680B0791A}.Release|Any CPU.Build.0 = Release|Any CPU
	EndGlobalSection
	GlobalSection(SolutionProperties) = preSolution
		HideSolutionNode = FALSE
	EndGlobalSection
	GlobalSection(ExtensibilityGlobals) = postSolution
		SolutionGuid = {BFA38BB2-31BF-49B6-89A4-27A034CF02BC}
	EndGlobalSection
EndGlobal
